
Microsoft Visual Studio Solution File, Format Version 12.00
# Visual Studio Version 17
VisualStudioVersion = 17.5.33530.505
MinimumVisualStudioVersion = 10.0.40219.1
Project("{FAE04EC0-301F-11D3-BF4B-00C04F79EFBC}") = "CodePulse.API", "CodePulse.API\CodePulse.API.csproj", "{6C102BF9-9E35-4E4F-B409-8AF9B58E1E72}"
EndProject
Global
	GlobalSection(SolutionConfigurationPlatforms) = preSolution
		Debug|Any CPU = Debug|Any CPU
		Release|Any CPU = Release|Any CPU
	EndGlobalSection
	GlobalSection(ProjectConfigurationPlatforms) = postSolution
		{6C102BF9-9E35-4E4F-B409-8AF9B58E1E72}.Debug|Any CPU.ActiveCfg = Debug|Any CPU
		{6C102BF9-9E35-4E4F-B409-8AF9B58E1E72}.Debug|Any CPU.Build.0 = Debug|Any CPU
		{6C102BF9-9E35-4E4F-B409-8AF9B58E1E72}.Release|Any CPU.ActiveCfg = Release|Any CPU
		{6C102BF9-9E35-4E4F-B409-8AF9B58E1E72}.Release|Any CPU.Build.0 = Release|Any CPU
	EndGlobalSection
	GlobalSection(SolutionProperties) = preSolution
		HideSolutionNode = FALSE
	EndGlobalSection
	GlobalSection(ExtensibilityGlobals) = postSolution
		SolutionGuid = {92AD2CDC-AEF2-4F57-A1B6-C7EBFA987D00}
	EndGlobalSection
EndGlobal
